{
  "requires": true,
  "lockfileVersion": 1,
  "dependencies": {
    "fullpage.js": {
      "version": "3.0.4",
      "resolved": "https://registry.npmjs.org/fullpage.js/-/fullpage.js-3.0.4.tgz",
      "integrity": "sha512-GWpud0Gvr8i4k3QySoajFevO18UBKMJ9znU3o4uaXZkKYqLtS8d1BSQoAARmYwYgBLOw3YrKAG+4LoaIokO1UA=="
    },
    "jquery": {
      "version": "3.3.1",
      "resolved": "https://registry.npmjs.org/jquery/-/jquery-3.3.1.tgz",
      "integrity": "sha512-Ubldcmxp5np52/ENotGxlLe6aGMvmF4R8S6tZjsP6Knsaxd/xp3Zrh50cG93lR6nPXyUFwzN3ZSOQI0wRJNdGg=="
    },
    "vue-fullpage.js": {
      "version": "0.1.2",
      "resolved": "https://registry.npmjs.org/vue-fullpage.js/-/vue-fullpage.js-0.1.2.tgz",
      "integrity": "sha512-TSfvhh4155Uhic2Yvv1oOgMdMLVVvWC9doahdEzh8O4an6o3lw1fhRHy0fUQotzFzex+wbQtuC4hcIFzZN0KSw==",
      "requires": {
        "fullpage.js": "^3.0.4"
      }
    }
  }
}
